// !$*UTF8*$!
{
	archiveVersion = 1;
	classes = {
	};
	objectVersion = 77;
	objects = {

/* Begin PBXContainerItemProxy section */
		84AF40F32DAC901100938535 /* PBXContainerItemProxy */ = {
			isa = PBXContainerItemProxy;
			containerPortal = 84AF40DA2DAC901000938535 /* Project object */;
			proxyType = 1;
			remoteGlobalIDString = 84AF40E12DAC901000938535;
			remoteInfo = "Fit Tracking";
		};
		84AF40FD2DAC901100938535 /* PBXContainerItemProxy */ = {
			isa = PBXContainerItemProxy;
			containerPortal = 84AF40DA2DAC901000938535 /* Project object */;
			proxyType = 1;
			remoteGlobalIDString = 84AF40E12DAC901000938535;
			remoteInfo = "Fit Tracking";
		};
/* End PBXContainerItemProxy section */

/* Begin PBXFileReference section */
		84AF40E22DAC901000938535 /* Fit Tracking.app */ = {isa = PBXFileReference; explicitFileType = wrapper.application; includeInIndex = 0; path = "Fit Tracking.app"; sourceTree = BUILT_PRODUCTS_DIR; };
		84AF40F22DAC901100938535 /* Fit TrackingTests.xctest */ = {isa = PBXFileReference; explicitFileType = wrapper.cfbundle; includeInIndex = 0; path = "Fit TrackingTests.xctest"; sourceTree = BUILT_PRODUCTS_DIR; };
		84AF40FC2DAC901100938535 /* Fit TrackingUITests.xctest */ = {isa = PBXFileReference; explicitFileType = wrapper.cfbundle; includeInIndex = 0; path = "Fit TrackingUITests.xctest"; sourceTree = BUILT_PRODUCTS_DIR; };
/* End PBXFileReference section */

/* Begin PBXFileSystemSynchronizedBuildFileExceptionSet section */
		84AF41352DACF3ED00938535 /* Exceptions for "Fit Tracking" folder in "Fit Tracking" target */ = {
			isa = PBXFileSystemSynchronizedBuildFileExceptionSet;
			membershipExceptions = (
				"Fit-Tracking-Info.plist",
			);
			target = 84AF40E12DAC901000938535 /* Fit Tracking */;
		};
/* End PBXFileSystemSynchronizedBuildFileExceptionSet section */

/* Begin PBXFileSystemSynchronizedRootGroup section */
		84AF40E42DAC901000938535 /* Fit Tracking */ = {
			isa = PBXFileSystemSynchronizedRootGroup;
			exceptions = (
				84AF41352DACF3ED00938535 /* Exceptions for "Fit Tracking" folder in "Fit Tracking" target */,
			);
			path = "Fit Tracking";
			sourceTree = "<group>";
		};
		84AF40F52DAC901100938535 /* Fit TrackingTests */ = {
			isa = PBXFileSystemSynchronizedRootGroup;
			path = "Fit TrackingTests";
			sourceTree = "<group>";
		};
		84AF40FF2DAC901100938535 /* Fit TrackingUITests */ = {
			isa = PBXFileSystemSynchronizedRootGroup;
			path = "Fit TrackingUITests";
			sourceTree = "<group>";
		};
/* End PBXFileSystemSynchronizedRootGroup section */

/* Begin PBXFrameworksBuildPhase section */
		84AF40DF2DAC901000938535 /* Frameworks */ = {
			isa = PBXFrameworksBuildPhase;
			buildActionMask = 2147483647;
			files = (
			);
			runOnlyForDeploymentPostprocessing = 0;
		};
		84AF40EF2DAC901100938535 /* Frameworks */ = {
			isa = PBXFrameworksBuildPhase;
			buildActionMask = 2147483647;
			files = (
			);
			runOnlyForDeploymentPostprocessing = 0;
		};
		84AF40F92DAC901100938535 /* Frameworks */ = {
			isa = PBXFrameworksBuildPhase;
			buildActionMask = 2147483647;
			files = (
			);
			runOnlyForDeploymentPostprocessing = 0;
		};
/* End PBXFrameworksBuildPhase section */

/* Begin PBXGroup section */
		84AF40D92DAC901000938535 = {
			isa = PBXGroup;
			children = (
				84AF40E42DAC901000938535 /* Fit Tracking */,
				84AF40F52DAC901100938535 /* Fit TrackingTests */,
				84AF40FF2DAC901100938535 /* Fit TrackingUITests */,
				84AF40E32DAC901000938535 /* Products */,
			);
			sourceTree = "<group>";
		};
		84AF40E32DAC901000938535 /* Products */ = {
			isa = PBXGroup;
			children = (
				84AF40E22DAC901000938535 /* Fit Tracking.app */,
				84AF40F22DAC901100938535 /* Fit TrackingTests.xctest */,
				84AF40FC2DAC901100938535 /* Fit TrackingUITests.xctest */,
			);
			name = Products;
			sourceTree = "<group>";
		};
/* End PBXGroup section */

/* Begin PBXNativeTarget section */
		84AF40E12DAC901000938535 /* Fit Tracking */ = {
			isa = PBXNativeTarget;
			buildConfigurationList = 84AF41062DAC901100938535 /* Build configuration list for PBXNativeTarget "Fit Tracking" */;
			buildPhases = (
				84AF40DE2DAC901000938535 /* Sources */,
				84AF40DF2DAC901000938535 /* Frameworks */,
				84AF40E02DAC901000938535 /* Resources */,
			);
			buildRules = (
			);
			dependencies = (
			);
			fileSystemSynchronizedGroups = (
				84AF40E42DAC901000938535 /* Fit Tracking */,
			);
			name = "Fit Tracking";
			packageProductDependencies = (
			);
			productName = "Fit Tracking";
			productReference = 84AF40E22DAC901000938535 /* Fit Tracking.app */;
			productType = "com.apple.product-type.application";
		};
		84AF40F12DAC901100938535 /* Fit TrackingTests */ = {
			isa = PBXNativeTarget;
			buildConfigurationList = 84AF41092DAC901100938535 /* Build configuration list for PBXNativeTarget "Fit TrackingTests" */;
			buildPhases = (
				84AF40EE2DAC901100938535 /* Sources */,
				84AF40EF2DAC901100938535 /* Frameworks */,
				84AF40F02DAC901100938535 /* Resources */,
			);
			buildRules = (
			);
			dependencies = (
				84AF40F42DAC901100938535 /* PBXTargetDependency */,
			);
			fileSystemSynchronizedGroups = (
				84AF40F52DAC901100938535 /* Fit TrackingTests */,
			);
			name = "Fit TrackingTests";
			packageProductDependencies = (
			);
			productName = "Fit TrackingTests";
			productReference = 84AF40F22DAC901100938535 /* Fit TrackingTests.xctest */;
			productType = "com.apple.product-type.bundle.unit-test";
		};
		84AF40FB2DAC901100938535 /* Fit TrackingUITests */ = {
			isa = PBXNativeTarget;
			buildConfigurationList = 84AF410C2DAC901100938535 /* Build configuration list for PBXNativeTarget "Fit TrackingUITests" */;
			buildPhases = (
				84AF40F82DAC901100938535 /* Sources */,
				84AF40F92DAC901100938535 /* Frameworks */,
				84AF40FA2DAC901100938535 /* Resources */,
			);
			buildRules = (
			);
			dependencies = (
				84AF40FE2DAC901100938535 /* PBXTargetDependency */,
			);
			fileSystemSynchronizedGroups = (
				84AF40FF2DAC901100938535 /* Fit TrackingUITests */,
			);
			name = "Fit TrackingUITests";
			packageProductDependencies = (
			);
			productName = "Fit TrackingUITests";
			productReference = 84AF40FC2DAC901100938535 /* Fit TrackingUITests.xctest */;
			productType = "com.apple.product-type.bundle.ui-testing";
		};
/* End PBXNativeTarget section */

/* Begin PBXProject section */
		84AF40DA2DAC901000938535 /* Project object */ = {
			isa = PBXProject;
			attributes = {
				BuildIndependentTargetsInParallel = 1;
				LastSwiftUpdateCheck = 1620;
				LastUpgradeCheck = 1620;
				TargetAttributes = {
					84AF40E12DAC901000938535 = {
						CreatedOnToolsVersion = 16.2;
					};
					84AF40F12DAC901100938535 = {
						CreatedOnToolsVersion = 16.2;
						TestTargetID = 84AF40E12DAC901000938535;
					};
					84AF40FB2DAC901100938535 = {
						CreatedOnToolsVersion = 16.2;
						TestTargetID = 84AF40E12DAC901000938535;
					};
				};
			};
			buildConfigurationList = 84AF40DD2DAC901000938535 /* Build configuration list for PBXProject "Fit Tracking" */;
			developmentRegion = en;
			hasScannedForEncodings = 0;
			knownRegions = (
				en,
				Base,
			);
			mainGroup = 84AF40D92DAC901000938535;
			minimizedProjectReferenceProxies = 1;
			preferredProjectObjectVersion = 77;
			productRefGroup = 84AF40E32DAC901000938535 /* Products */;
			projectDirPath = "";
			projectRoot = "";
			targets = (
				84AF40E12DAC901000938535 /* Fit Tracking */,
				84AF40F12DAC901100938535 /* Fit TrackingTests */,
				84AF40FB2DAC901100938535 /* Fit TrackingUITests */,
			);
		};
/* End PBXProject section */

/* Begin PBXResourcesBuildPhase section */
		84AF40E02DAC901000938535 /* Resources */ = {
			isa = PBXResourcesBuildPhase;
			buildActionMask = 2147483647;
			files = (
			);
			runOnlyForDeploymentPostprocessing = 0;
		};
		84AF40F02DAC901100938535 /* Resources */ = {
			isa = PBXResourcesBuildPhase;
			buildActionMask = 2147483647;
			files = (
			);
			runOnlyForDeploymentPostprocessing = 0;
		};
		84AF40FA2DAC901100938535 /* Resources */ = {
			isa = PBXResourcesBuildPhase;
			buildActionMask = 2147483647;
			files = (
			);
			runOnlyForDeploymentPostprocessing = 0;
		};
/* End PBXResourcesBuildPhase section */

/* Begin PBXSourcesBuildPhase section */
		84AF40DE2DAC901000938535 /* Sources */ = {
			isa = PBXSourcesBuildPhase;
			buildActionMask = 2147483647;
			files = (
			);
			runOnlyForDeploymentPostprocessing = 0;
		};
		84AF40EE2DAC901100938535 /* Sources */ = {
			isa = PBXSourcesBuildPhase;
			buildActionMask = 2147483647;
			files = (
			);
			runOnlyForDeploymentPostprocessing = 0;
		};
		84AF40F82DAC901100938535 /* Sources */ = {
			isa = PBXSourcesBuildPhase;
			buildActionMask = 2147483647;
			files = (
			);
			runOnlyForDeploymentPostprocessing = 0;
		};
/* End PBXSourcesBuildPhase section */

/* Begin PBXTargetDependency section */
		84AF40F42DAC901100938535 /* PBXTargetDependency */ = {
			isa = PBXTargetDependency;
			target = 84AF40E12DAC901000938535 /* Fit Tracking */;
			targetProxy = 84AF40F32DAC901100938535 /* PBXContainerItemProxy */;
		};
		84AF40FE2DAC901100938535 /* PBXTargetDependency */ = {
			isa = PBXTargetDependency;
			target = 84AF40E12DAC901000938535 /* Fit Tracking */;
			targetProxy = 84AF40FD2DAC901100938535 /* PBXContainerItemProxy */;
		};
/* End PBXTargetDependency section */

/* Begin XCBuildConfiguration section */
		84AF41042DAC901100938535 /* Debug */ = {
			isa = XCBuildConfiguration;
			buildSettings = {
				ALWAYS_SEARCH_USER_PATHS = NO;
				ASSETCATALOG_COMPILER_GENERATE_SWIFT_ASSET_SYMBOL_EXTENSIONS = YES;
				CLANG_ANALYZER_NONNULL = YES;
				CLANG_ANALYZER_NUMBER_OBJECT_CONVERSION = YES_AGGRESSIVE;
				CLANG_CXX_LANGUAGE_STANDARD = "gnu++20";
				CLANG_ENABLE_MODULES = YES;
				CLANG_ENABLE_OBJC_ARC = YES;
				CLANG_ENABLE_OBJC_WEAK = YES;
				CLANG_WARN_BLOCK_CAPTURE_AUTORELEASING = YES;
				CLANG_WARN_BOOL_CONVERSION = YES;
				CLANG_WARN_COMMA = YES;
				CLANG_WARN_CONSTANT_CONVERSION = YES;
				CLANG_WARN_DEPRECATED_OBJC_IMPLEMENTATIONS = YES;
				CLANG_WARN_DIRECT_OBJC_ISA_USAGE = YES_ERROR;
				CLANG_WARN_DOCUMENTATION_COMMENTS = YES;
				CLANG_WARN_EMPTY_BODY = YES;
				CLANG_WARN_ENUM_CONVERSION = YES;
				CLANG_WARN_INFINITE_RECURSION = YES;
				CLANG_WARN_INT_CONVERSION = YES;
				CLANG_WARN_NON_LITERAL_NULL_CONVERSION = YES;
				CLANG_WARN_OBJC_IMPLICIT_RETAIN_SELF = YES;
				CLANG_WARN_OBJC_LITERAL_CONVERSION = YES;
				CLANG_WARN_OBJC_ROOT_CLASS = YES_ERROR;
				CLANG_WARN_QUOTED_INCLUDE_IN_FRAMEWORK_HEADER = YES;
				CLANG_WARN_RANGE_LOOP_ANALYSIS = YES;
				CLANG_WARN_STRICT_PROTOTYPES = YES;
				CLANG_WARN_SUSPICIOUS_MOVE = YES;
				CLANG_WARN_UNGUARDED_AVAILABILITY = YES_AGGRESSIVE;
				CLANG_WARN_UNREACHABLE_CODE = YES;
				CLANG_WARN__DUPLICATE_METHOD_MATCH = YES;
				COPY_PHASE_STRIP = NO;
				DEBUG_INFORMATION_FORMAT = dwarf;
				ENABLE_STRICT_OBJC_MSGSEND = YES;
				ENABLE_TESTABILITY = YES;
				ENABLE_USER_SCRIPT_SANDBOXING = YES;
				GCC_C_LANGUAGE_STANDARD = gnu17;
				GCC_DYNAMIC_NO_PIC = NO;
				GCC_NO_COMMON_BLOCKS = YES;
				GCC_OPTIMIZATION_LEVEL = 0;
				GCC_PREPROCESSOR_DEFINITIONS = (
					"DEBUG=1",
					"$(inherited)",
				);
				GCC_WARN_64_TO_32_BIT_CONVERSION = YES;
				GCC_WARN_ABOUT_RETURN_TYPE = YES_ERROR;
				GCC_WARN_UNDECLARED_SELECTOR = YES;
				GCC_WARN_UNINITIALIZED_AUTOS = YES_AGGRESSIVE;
				GCC_WARN_UNUSED_FUNCTION = YES;
				GCC_WARN_UNUSED_VARIABLE = YES;
				IPHONEOS_DEPLOYMENT_TARGET = 18.2;
				LOCALIZATION_PREFERS_STRING_CATALOGS = YES;
				MTL_ENABLE_DEBUG_INFO = INCLUDE_SOURCE;
				MTL_FAST_MATH = YES;
				ONLY_ACTIVE_ARCH = YES;
				SDKROOT = iphoneos;
				SWIFT_ACTIVE_COMPILATION_CONDITIONS = "DEBUG $(inherited)";
				SWIFT_OPTIMIZATION_LEVEL = "-Onone";
			};
			name = Debug;
		};
		84AF41052DAC901100938535 /* Release */ = {
			isa = XCBuildConfiguration;
			buildSettings = {
				ALWAYS_SEARCH_USER_PATHS = NO;
				ASSETCATALOG_COMPILER_GENERATE_SWIFT_ASSET_SYMBOL_EXTENSIONS = YES;
				CLANG_ANALYZER_NONNULL = YES;
				CLANG_ANALYZER_NUMBER_OBJECT_CONVERSION = YES_AGGRESSIVE;
				CLANG_CXX_LANGUAGE_STANDARD = "gnu++20";
				CLANG_ENABLE_MODULES = YES;
				CLANG_ENABLE_OBJC_ARC = YES;
				CLANG_ENABLE_OBJC_WEAK = YES;
				CLANG_WARN_BLOCK_CAPTURE_AUTORELEASING = YES;
				CLANG_WARN_BOOL_CONVERSION = YES;
				CLANG_WARN_COMMA = YES;
				CLANG_WARN_CONSTANT_CONVERSION = YES;
				CLANG_WARN_DEPRECATED_OBJC_IMPLEMENTATIONS = YES;
				CLANG_WARN_DIRECT_OBJC_ISA_USAGE = YES_ERROR;
				CLANG_WARN_DOCUMENTATION_COMMENTS = YES;
				CLANG_WARN_EMPTY_BODY = YES;
				CLANG_WARN_ENUM_CONVERSION = YES;
				CLANG_WARN_INFINITE_RECURSION = YES;
				CLANG_WARN_INT_CONVERSION = YES;
				CLANG_WARN_NON_LITERAL_NULL_CONVERSION = YES;
				CLANG_WARN_OBJC_IMPLICIT_RETAIN_SELF = YES;
				CLANG_WARN_OBJC_LITERAL_CONVERSION = YES;
				CLANG_WARN_OBJC_ROOT_CLASS = YES_ERROR;
				CLANG_WARN_QUOTED_INCLUDE_IN_FRAMEWORK_HEADER = YES;
				CLANG_WARN_RANGE_LOOP_ANALYSIS = YES;
				CLANG_WARN_STRICT_PROTOTYPES = YES;
				CLANG_WARN_SUSPICIOUS_MOVE = YES;
				CLANG_WARN_UNGUARDED_AVAILABILITY = YES_AGGRESSIVE;
				CLANG_WARN_UNREACHABLE_CODE = YES;
				CLANG_WARN__DUPLICATE_METHOD_MATCH = YES;
				COPY_PHASE_STRIP = NO;
				DEBUG_INFORMATION_FORMAT = "dwarf-with-dsym";
				ENABLE_NS_ASSERTIONS = NO;
				ENABLE_STRICT_OBJC_MSGSEND = YES;
				ENABLE_USER_SCRIPT_SANDBOXING = YES;
				GCC_C_LANGUAGE_STANDARD = gnu17;
				GCC_NO_COMMON_BLOCKS = YES;
				GCC_WARN_64_TO_32_BIT_CONVERSION = YES;
				GCC_WARN_ABOUT_RETURN_TYPE = YES_ERROR;
				GCC_WARN_UNDECLARED_SELECTOR = YES;
				GCC_WARN_UNINITIALIZED_AUTOS = YES_AGGRESSIVE;
				GCC_WARN_UNUSED_FUNCTION = YES;
				GCC_WARN_UNUSED_VARIABLE = YES;
				IPHONEOS_DEPLOYMENT_TARGET = 18.2;
				LOCALIZATION_PREFERS_STRING_CATALOGS = YES;
				MTL_ENABLE_DEBUG_INFO = NO;
				MTL_FAST_MATH = YES;
				SDKROOT = iphoneos;
				SWIFT_COMPILATION_MODE = wholemodule;
				VALIDATE_PRODUCT = YES;
			};
			name = Release;
		};
		84AF41072DAC901100938535 /* Debug */ = {
			isa = XCBuildConfiguration;
			buildSettings = {
				ASSETCATALOG_COMPILER_APPICON_NAME = AppIcon;
				ASSETCATALOG_COMPILER_GLOBAL_ACCENT_COLOR_NAME = AccentColor;
				CODE_SIGN_STYLE = Automatic;
				CURRENT_PROJECT_VERSION = 1;
				DEVELOPMENT_ASSET_PATHS = "\"Fit Tracking/Preview Content\"";
				DEVELOPMENT_TEAM = 8Z82B2X2Z6;
				ENABLE_PREVIEWS = YES;
				GENERATE_INFOPLIST_FILE = YES;
				INFOPLIST_FILE = "Fit-Tracking-Info.plist";
				INFOPLIST_KEY_UIApplicationSceneManifest_Generation = YES;
				INFOPLIST_KEY_UIApplicationSupportsIndirectInputEvents = YES;
				INFOPLIST_KEY_UILaunchScreen_Generation = YES;
				INFOPLIST_KEY_UISupportedInterfaceOrientations_iPad = "UIInterfaceOrientationPortrait UIInterfaceOrientationPortraitUpsideDown UIInterfaceOrientationLandscapeLeft UIInterfaceOrientationLandscapeRight";
				INFOPLIST_KEY_UISupportedInterfaceOrientations_iPhone = "UIInterfaceOrientationPortrait UIInterfaceOrientationLandscapeLeft UIInterfaceOrientationLandscapeRight";
				LD_RUNPATH_SEARCH_PATHS = (
					"$(inherited)",
					"@executable_path/Frameworks",
				);
				MARKETING_VERSION = 1.0;
				PRODUCT_BUNDLE_IDENTIFIER = "com.baruckbotton.Fit-Tracking";
				PRODUCT_NAME = "$(TARGET_NAME)";
				SWIFT_EMIT_LOC_STRINGS = YES;
				SWIFT_VERSION = 5.0;
				TARGETED_DEVICE_FAMILY = "1,2";
			};
			name = Debug;
		};
		84AF41082DAC901100938535 /* Release */ = {
			isa = XCBuildConfiguration;
			buildSettings = {
				ASSETCATALOG_COMPILER_APPICON_NAME = AppIcon;
				ASSETCATALOG_COMPILER_GLOBAL_ACCENT_COLOR_NAME = AccentColor;
				CODE_SIGN_STYLE = Automatic;
				CURRENT_PROJECT_VERSION = 1;
				DEVELOPMENT_ASSET_PATHS = "\"Fit Tracking/Preview Content\"";
				DEVELOPMENT_TEAM = 8Z82B2X2Z6;
				ENABLE_PREVIEWS = YES;
				GENERATE_INFOPLIST_FILE = YES;
				INFOPLIST_FILE = "Fit-Tracking-Info.plist";
				INFOPLIST_KEY_UIApplicationSceneManifest_Generation = YES;
				INFOPLIST_KEY_UIApplicationSupportsIndirectInputEvents = YES;
				INFOPLIST_KEY_UILaunchScreen_Generation = YES;
				INFOPLIST_KEY_UISupportedInterfaceOrientations_iPad = "UIInterfaceOrientationPortrait UIInterfaceOrientationPortraitUpsideDown UIInterfaceOrientationLandscapeLeft UIInterfaceOrientationLandscapeRight";
				INFOPLIST_KEY_UISupportedInterfaceOrientations_iPhone = "UIInterfaceOrientationPortrait UIInterfaceOrientationLandscapeLeft UIInterfaceOrientationLandscapeRight";
				LD_RUNPATH_SEARCH_PATHS = (
					"$(inherited)",
					"@executable_path/Frameworks",
				);
				MARKETING_VERSION = 1.0;
				PRODUCT_BUNDLE_IDENTIFIER = "com.baruckbotton.Fit-Tracking";
				PRODUCT_NAME = "$(TARGET_NAME)";
				SWIFT_EMIT_LOC_STRINGS = YES;
				SWIFT_VERSION = 5.0;
				TARGETED_DEVICE_FAMILY = "1,2";
			};
			name = Release;
		};
		84AF410A2DAC901100938535 /* Debug */ = {
			isa = XCBuildConfiguration;
			buildSettings = {
				BUNDLE_LOADER = "$(TEST_HOST)";
				CODE_SIGN_STYLE = Automatic;
				CURRENT_PROJECT_VERSION = 1;
				DEVELOPMENT_TEAM = 8Z82B2X2Z6;
				GENERATE_INFOPLIST_FILE = YES;
				IPHONEOS_DEPLOYMENT_TARGET = 18.2;
				MARKETING_VERSION = 1.0;
				PRODUCT_BUNDLE_IDENTIFIER = "com.baruckbotton.Fit-TrackingTests";
				PRODUCT_NAME = "$(TARGET_NAME)";
				SWIFT_EMIT_LOC_STRINGS = NO;
				SWIFT_VERSION = 5.0;
				TARGETED_DEVICE_FAMILY = "1,2";
				TEST_HOST = "$(BUILT_PRODUCTS_DIR)/Fit Tracking.app/$(BUNDLE_EXECUTABLE_FOLDER_PATH)/Fit Tracking";
			};
			name = Debug;
		};
		84AF410B2DAC901100938535 /* Release */ = {
			isa = XCBuildConfiguration;
			buildSettings = {
				BUNDLE_LOADER = "$(TEST_HOST)";
				CODE_SIGN_STYLE = Automatic;
				CURRENT_PROJECT_VERSION = 1;
				DEVELOPMENT_TEAM = 8Z82B2X2Z6;
				GENERATE_INFOPLIST_FILE = YES;
				IPHONEOS_DEPLOYMENT_TARGET = 18.2;
				MARKETING_VERSION = 1.0;
				PRODUCT_BUNDLE_IDENTIFIER = "com.baruckbotton.Fit-TrackingTests";
				PRODUCT_NAME = "$(TARGET_NAME)";
				SWIFT_EMIT_LOC_STRINGS = NO;
				SWIFT_VERSION = 5.0;
				TARGETED_DEVICE_FAMILY = "1,2";
				TEST_HOST = "$(BUILT_PRODUCTS_DIR)/Fit Tracking.app/$(BUNDLE_EXECUTABLE_FOLDER_PATH)/Fit Tracking";
			};
			name = Release;
		};
		84AF410D2DAC901100938535 /* Debug */ = {
			isa = XCBuildConfiguration;
			buildSettings = {
				CODE_SIGN_STYLE = Automatic;
				CURRENT_PROJECT_VERSION = 1;
				DEVELOPMENT_TEAM = 8Z82B2X2Z6;
				GENERATE_INFOPLIST_FILE = YES;
				MARKETING_VERSION = 1.0;
				PRODUCT_BUNDLE_IDENTIFIER = "com.baruckbotton.Fit-TrackingUITests";
				PRODUCT_NAME = "$(TARGET_NAME)";
				SWIFT_EMIT_LOC_STRINGS = NO;
				SWIFT_VERSION = 5.0;
				TARGETED_DEVICE_FAMILY = "1,2";
				TEST_TARGET_NAME = "Fit Tracking";
			};
			name = Debug;
		};
		84AF410E2DAC901100938535 /* Release */ = {
			isa = XCBuildConfiguration;
			buildSettings = {
				CODE_SIGN_STYLE = Automatic;
				CURRENT_PROJECT_VERSION = 1;
				DEVELOPMENT_TEAM = 8Z82B2X2Z6;
				GENERATE_INFOPLIST_FILE = YES;
				MARKETING_VERSION = 1.0;
				PRODUCT_BUNDLE_IDENTIFIER = "com.baruckbotton.Fit-TrackingUITests";
				PRODUCT_NAME = "$(TARGET_NAME)";
				SWIFT_EMIT_LOC_STRINGS = NO;
				SWIFT_VERSION = 5.0;
				TARGETED_DEVICE_FAMILY = "1,2";
				TEST_TARGET_NAME = "Fit Tracking";
			};
			name = Release;
		};
/* End XCBuildConfiguration section */

/* Begin XCConfigurationList section */
		84AF40DD2DAC901000938535 /* Build configuration list for PBXProject "Fit Tracking" */ = {
			isa = XCConfigurationList;
			buildConfigurations = (
				84AF41042DAC901100938535 /* Debug */,
				84AF41052DAC901100938535 /* Release */,
			);
			defaultConfigurationIsVisible = 0;
			defaultConfigurationName = Release;
		};
		84AF41062DAC901100938535 /* Build configuration list for PBXNativeTarget "Fit Tracking" */ = {
			isa = XCConfigurationList;
			buildConfigurations = (
				84AF41072DAC901100938535 /* Debug */,
				84AF41082DAC901100938535 /* Release */,
			);
			defaultConfigurationIsVisible = 0;
			defaultConfigurationName = Release;
		};
		84AF41092DAC901100938535 /* Build configuration list for PBXNativeTarget "Fit TrackingTests" */ = {
			isa = XCConfigurationList;
			buildConfigurations = (
				84AF410A2DAC901100938535 /* Debug */,
				84AF410B2DAC901100938535 /* Release */,
			);
			defaultConfigurationIsVisible = 0;
			defaultConfigurationName = Release;
		};
		84AF410C2DAC901100938535 /* Build configuration list for PBXNativeTarget "Fit TrackingUITests" */ = {
			isa = XCConfigurationList;
			buildConfigurations = (
				84AF410D2DAC901100938535 /* Debug */,
				84AF410E2DAC901100938535 /* Release */,
			);
			defaultConfigurationIsVisible = 0;
			defaultConfigurationName = Release;
		};
/* End XCConfigurationList section */
	};
	rootObject = 84AF40DA2DAC901000938535 /* Project object */;
}
